// !$*UTF8*$!
{
	archiveVersion = 1;
	classes = {
	};
	objectVersion = 50;
	objects = {

/* Begin PBXBuildFile section */
		8BD99170267854D5009CE7B4 /* SwiftUITestApp.swift in Sources */ = {isa = PBXBuildFile; fileRef = 8BD9916F267854D5009CE7B4 /* SwiftUITestApp.swift */; };
		8BD99172267854D5009CE7B4 /* ContentView.swift in Sources */ = {isa = PBXBuildFile; fileRef = 8BD99171267854D5009CE7B4 /* ContentView.swift */; };
		8BD99174267854D8009CE7B4 /* Assets.xcassets in Resources */ = {isa = PBXBuildFile; fileRef = 8BD99173267854D8009CE7B4 /* Assets.xcassets */; };
		8BD99177267854D8009CE7B4 /* Preview Assets.xcassets in Resources */ = {isa = PBXBuildFile; fileRef = 8BD99176267854D8009CE7B4 /* Preview Assets.xcassets */; };
		8BD99179267854D8009CE7B4 /* Persistence.swift in Sources */ = {isa = PBXBuildFile; fileRef = 8BD99178267854D8009CE7B4 /* Persistence.swift */; };
		8BD9917C267854D8009CE7B4 /* SwiftUITest.xcdatamodeld in Sources */ = {isa = PBXBuildFile; fileRef = 8BD9917A267854D8009CE7B4 /* SwiftUITest.xcdatamodeld */; };
		8BD99187267854D9009CE7B4 /* SwiftUITestTests.swift in Sources */ = {isa = PBXBuildFile; fileRef = 8BD99186267854D9009CE7B4 /* SwiftUITestTests.swift */; };
		8BD99192267854D9009CE7B4 /* SwiftUITestUITests.swift in Sources */ = {isa = PBXBuildFile; fileRef = 8BD99191267854D9009CE7B4 /* SwiftUITestUITests.swift */; };
/* End PBXBuildFile section */

/* Begin PBXContainerItemProxy section */
		8BD99183267854D9009CE7B4 /* PBXContainerItemProxy */ = {
			isa = PBXContainerItemProxy;
			containerPortal = 8BD99164267854D5009CE7B4 /* Project object */;
			proxyType = 1;
			remoteGlobalIDString = 8BD9916B267854D5009CE7B4;
			remoteInfo = SwiftUITest;
		};
		8BD9918E267854D9009CE7B4 /* PBXContainerItemProxy */ = {
			isa = PBXContainerItemProxy;
			containerPortal = 8BD99164267854D5009CE7B4 /* Project object */;
			proxyType = 1;
			remoteGlobalIDString = 8BD9916B267854D5009CE7B4;
			remoteInfo = SwiftUITest;
		};
/* End PBXContainerItemProxy section */

/* Begin PBXFileReference section */
		8BD9916C267854D5009CE7B4 /* SwiftUITest.app */ = {isa = PBXFileReference; explicitFileType = wrapper.application; includeInIndex = 0; path = SwiftUITest.app; sourceTree = BUILT_PRODUCTS_DIR; };
		8BD9916F267854D5009CE7B4 /* SwiftUITestApp.swift */ = {isa = PBXFileReference; lastKnownFileType = sourcecode.swift; path = SwiftUITestApp.swift; sourceTree = "<group>"; };
		8BD99171267854D5009CE7B4 /* ContentView.swift */ = {isa = PBXFileReference; lastKnownFileType = sourcecode.swift; path = ContentView.swift; sourceTree = "<group>"; };
		8BD99173267854D8009CE7B4 /* Assets.xcassets */ = {isa = PBXFileReference; lastKnownFileType = folder.assetcatalog; path = Assets.xcassets; sourceTree = "<group>"; };
		8BD99176267854D8009CE7B4 /* Preview Assets.xcassets */ = {isa = PBXFileReference; lastKnownFileType = folder.assetcatalog; path = "Preview Assets.xcassets"; sourceTree = "<group>"; };
		8BD99178267854D8009CE7B4 /* Persistence.swift */ = {isa = PBXFileReference; lastKnownFileType = sourcecode.swift; path = Persistence.swift; sourceTree = "<group>"; };
		8BD9917B267854D8009CE7B4 /* SwiftUITest.xcdatamodel */ = {isa = PBXFileReference; lastKnownFileType = wrapper.xcdatamodel; path = SwiftUITest.xcdatamodel; sourceTree = "<group>"; };
		8BD9917D267854D8009CE7B4 /* Info.plist */ = {isa = PBXFileReference; lastKnownFileType = text.plist.xml; path = Info.plist; sourceTree = "<group>"; };
		8BD99182267854D9009CE7B4 /* SwiftUITestTests.xctest */ = {isa = PBXFileReference; explicitFileType = wrapper.cfbundle; includeInIndex = 0; path = SwiftUITestTests.xctest; sourceTree = BUILT_PRODUCTS_DIR; };
		8BD99186267854D9009CE7B4 /* SwiftUITestTests.swift */ = {isa = PBXFileReference; lastKnownFileType = sourcecode.swift; path = SwiftUITestTests.swift; sourceTree = "<group>"; };
		8BD99188267854D9009CE7B4 /* Info.plist */ = {isa = PBXFileReference; lastKnownFileType = text.plist.xml; path = Info.plist; sourceTree = "<group>"; };
		8BD9918D267854D9009CE7B4 /* SwiftUITestUITests.xctest */ = {isa = PBXFileReference; explicitFileType = wrapper.cfbundle; includeInIndex = 0; path = SwiftUITestUITests.xctest; sourceTree = BUILT_PRODUCTS_DIR; };
		8BD99191267854D9009CE7B4 /* SwiftUITestUITests.swift */ = {isa = PBXFileReference; lastKnownFileType = sourcecode.swift; path = SwiftUITestUITests.swift; sourceTree = "<group>"; };
		8BD99193267854D9009CE7B4 /* Info.plist */ = {isa = PBXFileReference; lastKnownFileType = text.plist.xml; path = Info.plist; sourceTree = "<group>"; };
/* End PBXFileReference section */

/* Begin PBXFrameworksBuildPhase section */
		8BD99169267854D5009CE7B4 /* Frameworks */ = {
			isa = PBXFrameworksBuildPhase;
			buildActionMask = 2147483647;
			files = (
			);
			runOnlyForDeploymentPostprocessing = 0;
		};
		8BD9917F267854D9009CE7B4 /* Frameworks */ = {
			isa = PBXFrameworksBuildPhase;
			buildActionMask = 2147483647;
			files = (
			);
			runOnlyForDeploymentPostprocessing = 0;
		};
		8BD9918A267854D9009CE7B4 /* Frameworks */ = {
			isa = PBXFrameworksBuildPhase;
			buildActionMask = 2147483647;
			files = (
			);
			runOnlyForDeploymentPostprocessing = 0;
		};
/* End PBXFrameworksBuildPhase section */

/* Begin PBXGroup section */
		8BD99163267854D5009CE7B4 = {
			isa = PBXGroup;
			children = (
				8BD9916E267854D5009CE7B4 /* SwiftUITest */,
				8BD99185267854D9009CE7B4 /* SwiftUITestTests */,
				8BD99190267854D9009CE7B4 /* SwiftUITestUITests */,
				8BD9916D267854D5009CE7B4 /* Products */,
			);
			sourceTree = "<group>";
		};
		8BD9916D267854D5009CE7B4 /* Products */ = {
			isa = PBXGroup;
			children = (
				8BD9916C267854D5009CE7B4 /* SwiftUITest.app */,
				8BD99182267854D9009CE7B4 /* SwiftUITestTests.xctest */,
				8BD9918D267854D9009CE7B4 /* SwiftUITestUITests.xctest */,
			);
			name = Products;
			sourceTree = "<group>";
		};
		8BD9916E267854D5009CE7B4 /* SwiftUITest */ = {
			isa = PBXGroup;
			children = (
				8BD9916F267854D5009CE7B4 /* SwiftUITestApp.swift */,
				8BD99171267854D5009CE7B4 /* ContentView.swift */,
				8BD99173267854D8009CE7B4 /* Assets.xcassets */,
				8BD99178267854D8009CE7B4 /* Persistence.swift */,
				8BD9917D267854D8009CE7B4 /* Info.plist */,
				8BD9917A267854D8009CE7B4 /* SwiftUITest.xcdatamodeld */,
				8BD99175267854D8009CE7B4 /* Preview Content */,
			);
			path = SwiftUITest;
			sourceTree = "<group>";
		};
		8BD99175267854D8009CE7B4 /* Preview Content */ = {
			isa = PBXGroup;
			children = (
				8BD99176267854D8009CE7B4 /* Preview Assets.xcassets */,
			);
			path = "Preview Content";
			sourceTree = "<group>";
		};
		8BD99185267854D9009CE7B4 /* SwiftUITestTests */ = {
			isa = PBXGroup;
			children = (
				8BD99186267854D9009CE7B4 /* SwiftUITestTests.swift */,
				8BD99188267854D9009CE7B4 /* Info.plist */,
			);
			path = SwiftUITestTests;
			sourceTree = "<group>";
		};
		8BD99190267854D9009CE7B4 /* SwiftUITestUITests */ = {
			isa = PBXGroup;
			children = (
				8BD99191267854D9009CE7B4 /* SwiftUITestUITests.swift */,
				8BD99193267854D9009CE7B4 /* Info.plist */,
			);
			path = SwiftUITestUITests;
			sourceTree = "<group>";
		};
/* End PBXGroup section */

/* Begin PBXNativeTarget section */
		8BD9916B267854D5009CE7B4 /* SwiftUITest */ = {
			isa = PBXNativeTarget;
			buildConfigurationList = 8BD99196267854D9009CE7B4 /* Build configuration list for PBXNativeTarget "SwiftUITest" */;
			buildPhases = (
				8BD99168267854D5009CE7B4 /* Sources */,
				8BD99169267854D5009CE7B4 /* Frameworks */,
				8BD9916A267854D5009CE7B4 /* Resources */,
			);
			buildRules = (
			);
			dependencies = (
			);
			name = SwiftUITest;
			productName = SwiftUITest;
			productReference = 8BD9916C267854D5009CE7B4 /* SwiftUITest.app */;
			productType = "com.apple.product-type.application";
		};
		8BD99181267854D9009CE7B4 /* SwiftUITestTests */ = {
			isa = PBXNativeTarget;
			buildConfigurationList = 8BD99199267854D9009CE7B4 /* Build configuration list for PBXNativeTarget "SwiftUITestTests" */;
			buildPhases = (
				8BD9917E267854D9009CE7B4 /* Sources */,
				8BD9917F267854D9009CE7B4 /* Frameworks */,
				8BD99180267854D9009CE7B4 /* Resources */,
			);
			buildRules = (
			);
			dependencies = (
				8BD99184267854D9009CE7B4 /* PBXTargetDependency */,
			);
			name = SwiftUITestTests;
			productName = SwiftUITestTests;
			productReference = 8BD99182267854D9009CE7B4 /* SwiftUITestTests.xctest */;
			productType = "com.apple.product-type.bundle.unit-test";
		};
		8BD9918C267854D9009CE7B4 /* SwiftUITestUITests */ = {
			isa = PBXNativeTarget;
			buildConfigurationList = 8BD9919C267854D9009CE7B4 /* Build configuration list for PBXNativeTarget "SwiftUITestUITests" */;
			buildPhases = (
				8BD99189267854D9009CE7B4 /* Sources */,
				8BD9918A267854D9009CE7B4 /* Frameworks */,
				8BD9918B267854D9009CE7B4 /* Resources */,
			);
			buildRules = (
			);
			dependencies = (
				8BD9918F267854D9009CE7B4 /* PBXTargetDependency */,
			);
			name = SwiftUITestUITests;
			productName = SwiftUITestUITests;
			productReference = 8BD9918D267854D9009CE7B4 /* SwiftUITestUITests.xctest */;
			productType = "com.apple.product-type.bundle.ui-testing";
		};
/* End PBXNativeTarget section */

/* Begin PBXProject section */
		8BD99164267854D5009CE7B4 /* Project object */ = {
			isa = PBXProject;
			attributes = {
				LastSwiftUpdateCheck = 1230;
				LastUpgradeCheck = 1230;
				TargetAttributes = {
					8BD9916B267854D5009CE7B4 = {
						CreatedOnToolsVersion = 12.3;
					};
					8BD99181267854D9009CE7B4 = {
						CreatedOnToolsVersion = 12.3;
						TestTargetID = 8BD9916B267854D5009CE7B4;
					};
					8BD9918C267854D9009CE7B4 = {
						CreatedOnToolsVersion = 12.3;
						TestTargetID = 8BD9916B267854D5009CE7B4;
					};
				};
			};
			buildConfigurationList = 8BD99167267854D5009CE7B4 /* Build configuration list for PBXProject "SwiftUITest" */;
			compatibilityVersion = "Xcode 9.3";
			developmentRegion = en;
			hasScannedForEncodings = 0;
			knownRegions = (
				en,
				Base,
			);
			mainGroup = 8BD99163267854D5009CE7B4;
			productRefGroup = 8BD9916D267854D5009CE7B4 /* Products */;
			projectDirPath = "";
			projectRoot = "";
			targets = (
				8BD9916B267854D5009CE7B4 /* SwiftUITest */,
				8BD99181267854D9009CE7B4 /* SwiftUITestTests */,
				8BD9918C267854D9009CE7B4 /* SwiftUITestUITests */,
			);
		};
/* End PBXProject section */

/* Begin PBXResourcesBuildPhase section */
		8BD9916A267854D5009CE7B4 /* Resources */ = {
			isa = PBXResourcesBuildPhase;
			buildActionMask = 2147483647;
			files = (
				8BD99177267854D8009CE7B4 /* Preview Assets.xcassets in Resources */,
				8BD99174267854D8009CE7B4 /* Assets.xcassets in Resources */,
			);
			runOnlyForDeploymentPostprocessing = 0;
		};
		8BD99180267854D9009CE7B4 /* Resources */ = {
			isa = PBXResourcesBuildPhase;
			buildActionMask = 2147483647;
			files = (
			);
			runOnlyForDeploymentPostprocessing = 0;
		};
		8BD9918B267854D9009CE7B4 /* Resources */ = {
			isa = PBXResourcesBuildPhase;
			buildActionMask = 2147483647;
			files = (
			);
			runOnlyForDeploymentPostprocessing = 0;
		};
/* End PBXResourcesBuildPhase section */

/* Begin PBXSourcesBuildPhase section */
		8BD99168267854D5009CE7B4 /* Sources */ = {
			isa = PBXSourcesBuildPhase;
			buildActionMask = 2147483647;
			files = (
				8BD99179267854D8009CE7B4 /* Persistence.swift in Sources */,
				8BD99172267854D5009CE7B4 /* ContentView.swift in Sources */,
				8BD99170267854D5009CE7B4 /* SwiftUITestApp.swift in Sources */,
				8BD9917C267854D8009CE7B4 /* SwiftUITest.xcdatamodeld in Sources */,
			);
			runOnlyForDeploymentPostprocessing = 0;
		};
		8BD9917E267854D9009CE7B4 /* Sources */ = {
			isa = PBXSourcesBuildPhase;
			buildActionMask = 2147483647;
			files = (
				8BD99187267854D9009CE7B4 /* SwiftUITestTests.swift in Sources */,
			);
			runOnlyForDeploymentPostprocessing = 0;
		};
		8BD99189267854D9009CE7B4 /* Sources */ = {
			isa = PBXSourcesBuildPhase;
			buildActionMask = 2147483647;
			files = (
				8BD99192267854D9009CE7B4 /* SwiftUITestUITests.swift in Sources */,
			);
			runOnlyForDeploymentPostprocessing = 0;
		};
/* End PBXSourcesBuildPhase section */

/* Begin PBXTargetDependency section */
		8BD99184267854D9009CE7B4 /* PBXTargetDependency */ = {
			isa = PBXTargetDependency;
			target = 8BD9916B267854D5009CE7B4 /* SwiftUITest */;
			targetProxy = 8BD99183267854D9009CE7B4 /* PBXContainerItemProxy */;
		};
		8BD9918F267854D9009CE7B4 /* PBXTargetDependency */ = {
			isa = PBXTargetDependency;
			target = 8BD9916B267854D5009CE7B4 /* SwiftUITest */;
			targetProxy = 8BD9918E267854D9009CE7B4 /* PBXContainerItemProxy */;
		};
/* End PBXTargetDependency section */

/* Begin XCBuildConfiguration section */
		8BD99194267854D9009CE7B4 /* Debug */ = {
			isa = XCBuildConfiguration;
			buildSettings = {
				ALWAYS_SEARCH_USER_PATHS = NO;
				CLANG_ANALYZER_NONNULL = YES;
				CLANG_ANALYZER_NUMBER_OBJECT_CONVERSION = YES_AGGRESSIVE;
				CLANG_CXX_LANGUAGE_STANDARD = "gnu++14";
				CLANG_CXX_LIBRARY = "libc++";
				CLANG_ENABLE_MODULES = YES;
				CLANG_ENABLE_OBJC_ARC = YES;
				CLANG_ENABLE_OBJC_WEAK = YES;
				CLANG_WARN_BLOCK_CAPTURE_AUTORELEASING = YES;
				CLANG_WARN_BOOL_CONVERSION = YES;
				CLANG_WARN_COMMA = YES;
				CLANG_WARN_CONSTANT_CONVERSION = YES;
				CLANG_WARN_DEPRECATED_OBJC_IMPLEMENTATIONS = YES;
				CLANG_WARN_DIRECT_OBJC_ISA_USAGE = YES_ERROR;
				CLANG_WARN_DOCUMENTATION_COMMENTS = YES;
				CLANG_WARN_EMPTY_BODY = YES;
				CLANG_WARN_ENUM_CONVERSION = YES;
				CLANG_WARN_INFINITE_RECURSION = YES;
				CLANG_WARN_INT_CONVERSION = YES;
				CLANG_WARN_NON_LITERAL_NULL_CONVERSION = YES;
				CLANG_WARN_OBJC_IMPLICIT_RETAIN_SELF = YES;
				CLANG_WARN_OBJC_LITERAL_CONVERSION = YES;
				CLANG_WARN_OBJC_ROOT_CLASS = YES_ERROR;
				CLANG_WARN_QUOTED_INCLUDE_IN_FRAMEWORK_HEADER = YES;
				CLANG_WARN_RANGE_LOOP_ANALYSIS = YES;
				CLANG_WARN_STRICT_PROTOTYPES = YES;
				CLANG_WARN_SUSPICIOUS_MOVE = YES;
				CLANG_WARN_UNGUARDED_AVAILABILITY = YES_AGGRESSIVE;
				CLANG_WARN_UNREACHABLE_CODE = YES;
				CLANG_WARN__DUPLICATE_METHOD_MATCH = YES;
				COPY_PHASE_STRIP = NO;
				DEBUG_INFORMATION_FORMAT = dwarf;
				ENABLE_STRICT_OBJC_MSGSEND = YES;
				ENABLE_TESTABILITY = YES;
				GCC_C_LANGUAGE_STANDARD = gnu11;
				GCC_DYNAMIC_NO_PIC = NO;
				GCC_NO_COMMON_BLOCKS = YES;
				GCC_OPTIMIZATION_LEVEL = 0;
				GCC_PREPROCESSOR_DEFINITIONS = (
					"DEBUG=1",
					"$(inherited)",
				);
				GCC_WARN_64_TO_32_BIT_CONVERSION = YES;
				GCC_WARN_ABOUT_RETURN_TYPE = YES_ERROR;
				GCC_WARN_UNDECLARED_SELECTOR = YES;
				GCC_WARN_UNINITIALIZED_AUTOS = YES_AGGRESSIVE;
				GCC_WARN_UNUSED_FUNCTION = YES;
				GCC_WARN_UNUSED_VARIABLE = YES;
				IPHONEOS_DEPLOYMENT_TARGET = 14.3;
				MTL_ENABLE_DEBUG_INFO = INCLUDE_SOURCE;
				MTL_FAST_MATH = YES;
				ONLY_ACTIVE_ARCH = YES;
				SDKROOT = iphoneos;
				SWIFT_ACTIVE_COMPILATION_CONDITIONS = DEBUG;
				SWIFT_OPTIMIZATION_LEVEL = "-Onone";
			};
			name = Debug;
		};
		8BD99195267854D9009CE7B4 /* Release */ = {
			isa = XCBuildConfiguration;
			buildSettings = {
				ALWAYS_SEARCH_USER_PATHS = NO;
				CLANG_ANALYZER_NONNULL = YES;
				CLANG_ANALYZER_NUMBER_OBJECT_CONVERSION = YES_AGGRESSIVE;
				CLANG_CXX_LANGUAGE_STANDARD = "gnu++14";
				CLANG_CXX_LIBRARY = "libc++";
				CLANG_ENABLE_MODULES = YES;
				CLANG_ENABLE_OBJC_ARC = YES;
				CLANG_ENABLE_OBJC_WEAK = YES;
				CLANG_WARN_BLOCK_CAPTURE_AUTORELEASING = YES;
				CLANG_WARN_BOOL_CONVERSION = YES;
				CLANG_WARN_COMMA = YES;
				CLANG_WARN_CONSTANT_CONVERSION = YES;
				CLANG_WARN_DEPRECATED_OBJC_IMPLEMENTATIONS = YES;
				CLANG_WARN_DIRECT_OBJC_ISA_USAGE = YES_ERROR;
				CLANG_WARN_DOCUMENTATION_COMMENTS = YES;
				CLANG_WARN_EMPTY_BODY = YES;
				CLANG_WARN_ENUM_CONVERSION = YES;
				CLANG_WARN_INFINITE_RECURSION = YES;
				CLANG_WARN_INT_CONVERSION = YES;
				CLANG_WARN_NON_LITERAL_NULL_CONVERSION = YES;
				CLANG_WARN_OBJC_IMPLICIT_RETAIN_SELF = YES;
				CLANG_WARN_OBJC_LITERAL_CONVERSION = YES;
				CLANG_WARN_OBJC_ROOT_CLASS = YES_ERROR;
				CLANG_WARN_QUOTED_INCLUDE_IN_FRAMEWORK_HEADER = YES;
				CLANG_WARN_RANGE_LOOP_ANALYSIS = YES;
				CLANG_WARN_STRICT_PROTOTYPES = YES;
				CLANG_WARN_SUSPICIOUS_MOVE = YES;
				CLANG_WARN_UNGUARDED_AVAILABILITY = YES_AGGRESSIVE;
				CLANG_WARN_UNREACHABLE_CODE = YES;
				CLANG_WARN__DUPLICATE_METHOD_MATCH = YES;
				COPY_PHASE_STRIP = NO;
				DEBUG_INFORMATION_FORMAT = "dwarf-with-dsym";
				ENABLE_NS_ASSERTIONS = NO;
				ENABLE_STRICT_OBJC_MSGSEND = YES;
				GCC_C_LANGUAGE_STANDARD = gnu11;
				GCC_NO_COMMON_BLOCKS = YES;
				GCC_WARN_64_TO_32_BIT_CONVERSION = YES;
				GCC_WARN_ABOUT_RETURN_TYPE = YES_ERROR;
				GCC_WARN_UNDECLARED_SELECTOR = YES;
				GCC_WARN_UNINITIALIZED_AUTOS = YES_AGGRESSIVE;
				GCC_WARN_UNUSED_FUNCTION = YES;
				GCC_WARN_UNUSED_VARIABLE = YES;
				IPHONEOS_DEPLOYMENT_TARGET = 14.3;
				MTL_ENABLE_DEBUG_INFO = NO;
				MTL_FAST_MATH = YES;
				SDKROOT = iphoneos;
				SWIFT_COMPILATION_MODE = wholemodule;
				SWIFT_OPTIMIZATION_LEVEL = "-O";
				VALIDATE_PRODUCT = YES;
			};
			name = Release;
		};
		8BD99197267854D9009CE7B4 /* Debug */ = {
			isa = XCBuildConfiguration;
			buildSettings = {
				ASSETCATALOG_COMPILER_APPICON_NAME = AppIcon;
				ASSETCATALOG_COMPILER_GLOBAL_ACCENT_COLOR_NAME = AccentColor;
				CODE_SIGN_STYLE = Automatic;
				DEVELOPMENT_ASSET_PATHS = "\"SwiftUITest/Preview Content\"";
				DEVELOPMENT_TEAM = 322RC92FC2;
				ENABLE_PREVIEWS = YES;
				INFOPLIST_FILE = SwiftUITest/Info.plist;
				IPHONEOS_DEPLOYMENT_TARGET = 14.0;
				LD_RUNPATH_SEARCH_PATHS = (
					"$(inherited)",
					"@executable_path/Frameworks",
				);
				PRODUCT_BUNDLE_IDENTIFIER = com.edimariyanto.test.SwiftUITest;
				PRODUCT_NAME = "$(TARGET_NAME)";
				SWIFT_VERSION = 5.0;
				TARGETED_DEVICE_FAMILY = "1,2";
			};
			name = Debug;
		};
		8BD99198267854D9009CE7B4 /* Release */ = {
			isa = XCBuildConfiguration;
			buildSettings = {
				ASSETCATALOG_COMPILER_APPICON_NAME = AppIcon;
				ASSETCATALOG_COMPILER_GLOBAL_ACCENT_COLOR_NAME = AccentColor;
				CODE_SIGN_STYLE = Automatic;
				DEVELOPMENT_ASSET_PATHS = "\"SwiftUITest/Preview Content\"";
				DEVELOPMENT_TEAM = 322RC92FC2;
				ENABLE_PREVIEWS = YES;
				INFOPLIST_FILE = SwiftUITest/Info.plist;
				IPHONEOS_DEPLOYMENT_TARGET = 14.0;
				LD_RUNPATH_SEARCH_PATHS = (
					"$(inherited)",
					"@executable_path/Frameworks",
				);
				PRODUCT_BUNDLE_IDENTIFIER = com.edimariyanto.test.SwiftUITest;
				PRODUCT_NAME = "$(TARGET_NAME)";
				SWIFT_VERSION = 5.0;
				TARGETED_DEVICE_FAMILY = "1,2";
			};
			name = Release;
		};
		8BD9919A267854D9009CE7B4 /* Debug */ = {
			isa = XCBuildConfiguration;
			buildSettings = {
				ALWAYS_EMBED_SWIFT_STANDARD_LIBRARIES = YES;
				BUNDLE_LOADER = "$(TEST_HOST)";
				CODE_SIGN_STYLE = Automatic;
				DEVELOPMENT_TEAM = 322RC92FC2;
				INFOPLIST_FILE = SwiftUITestTests/Info.plist;
				IPHONEOS_DEPLOYMENT_TARGET = 14.0;
				LD_RUNPATH_SEARCH_PATHS = (
					"$(inherited)",
					"@executable_path/Frameworks",
					"@loader_path/Frameworks",
				);
				PRODUCT_BUNDLE_IDENTIFIER = com.edimariyanto.test.SwiftUITestTests;
				PRODUCT_NAME = "$(TARGET_NAME)";
				SWIFT_VERSION = 5.0;
				TARGETED_DEVICE_FAMILY = "1,2";
				TEST_HOST = "$(BUILT_PRODUCTS_DIR)/SwiftUITest.app/SwiftUITest";
			};
			name = Debug;
		};
		8BD9919B267854D9009CE7B4 /* Release */ = {
			isa = XCBuildConfiguration;
			buildSettings = {
				ALWAYS_EMBED_SWIFT_STANDARD_LIBRARIES = YES;
				BUNDLE_LOADER = "$(TEST_HOST)";
				CODE_SIGN_STYLE = Automatic;
				DEVELOPMENT_TEAM = 322RC92FC2;
				INFOPLIST_FILE = SwiftUITestTests/Info.plist;
				IPHONEOS_DEPLOYMENT_TARGET = 14.0;
				LD_RUNPATH_SEARCH_PATHS = (
					"$(inherited)",
					"@executable_path/Frameworks",
					"@loader_path/Frameworks",
				);
				PRODUCT_BUNDLE_IDENTIFIER = com.edimariyanto.test.SwiftUITestTests;
				PRODUCT_NAME = "$(TARGET_NAME)";
				SWIFT_VERSION = 5.0;
				TARGETED_DEVICE_FAMILY = "1,2";
				TEST_HOST = "$(BUILT_PRODUCTS_DIR)/SwiftUITest.app/SwiftUITest";
			};
			name = Release;
		};
		8BD9919D267854D9009CE7B4 /* Debug */ = {
			isa = XCBuildConfiguration;
			buildSettings = {
				ALWAYS_EMBED_SWIFT_STANDARD_LIBRARIES = YES;
				CODE_SIGN_STYLE = Automatic;
				DEVELOPMENT_TEAM = 322RC92FC2;
				INFOPLIST_FILE = SwiftUITestUITests/Info.plist;
				LD_RUNPATH_SEARCH_PATHS = (
					"$(inherited)",
					"@executable_path/Frameworks",
					"@loader_path/Frameworks",
				);
				PRODUCT_BUNDLE_IDENTIFIER = com.edimariyanto.test.SwiftUITestUITests;
				PRODUCT_NAME = "$(TARGET_NAME)";
				SWIFT_VERSION = 5.0;
				TARGETED_DEVICE_FAMILY = "1,2";
				TEST_TARGET_NAME = SwiftUITest;
			};
			name = Debug;
		};
		8BD9919E267854D9009CE7B4 /* Release */ = {
			isa = XCBuildConfiguration;
			buildSettings = {
				ALWAYS_EMBED_SWIFT_STANDARD_LIBRARIES = YES;
				CODE_SIGN_STYLE = Automatic;
				DEVELOPMENT_TEAM = 322RC92FC2;
				INFOPLIST_FILE = SwiftUITestUITests/Info.plist;
				LD_RUNPATH_SEARCH_PATHS = (
					"$(inherited)",
					"@executable_path/Frameworks",
					"@loader_path/Frameworks",
				);
				PRODUCT_BUNDLE_IDENTIFIER = com.edimariyanto.test.SwiftUITestUITests;
				PRODUCT_NAME = "$(TARGET_NAME)";
				SWIFT_VERSION = 5.0;
				TARGETED_DEVICE_FAMILY = "1,2";
				TEST_TARGET_NAME = SwiftUITest;
			};
			name = Release;
		};
/* End XCBuildConfiguration section */

/* Begin XCConfigurationList section */
		8BD99167267854D5009CE7B4 /* Build configuration list for PBXProject "SwiftUITest" */ = {
			isa = XCConfigurationList;
			buildConfigurations = (
				8BD99194267854D9009CE7B4 /* Debug */,
				8BD99195267854D9009CE7B4 /* Release */,
			);
			defaultConfigurationIsVisible = 0;
			defaultConfigurationName = Release;
		};
		8BD99196267854D9009CE7B4 /* Build configuration list for PBXNativeTarget "SwiftUITest" */ = {
			isa = XCConfigurationList;
			buildConfigurations = (
				8BD99197267854D9009CE7B4 /* Debug */,
				8BD99198267854D9009CE7B4 /* Release */,
			);
			defaultConfigurationIsVisible = 0;
			defaultConfigurationName = Release;
		};
		8BD99199267854D9009CE7B4 /* Build configuration list for PBXNativeTarget "SwiftUITestTests" */ = {
			isa = XCConfigurationList;
			buildConfigurations = (
				8BD9919A267854D9009CE7B4 /* Debug */,
				8BD9919B267854D9009CE7B4 /* Release */,
			);
			defaultConfigurationIsVisible = 0;
			defaultConfigurationName = Release;
		};
		8BD9919C267854D9009CE7B4 /* Build configuration list for PBXNativeTarget "SwiftUITestUITests" */ = {
			isa = XCConfigurationList;
			buildConfigurations = (
				8BD9919D267854D9009CE7B4 /* Debug */,
				8BD9919E267854D9009CE7B4 /* Release */,
			);
			defaultConfigurationIsVisible = 0;
			defaultConfigurationName = Release;
		};
/* End XCConfigurationList section */

/* Begin XCVersionGroup section */
		8BD9917A267854D8009CE7B4 /* SwiftUITest.xcdatamodeld */ = {
			isa = XCVersionGroup;
			children = (
				8BD9917B267854D8009CE7B4 /* SwiftUITest.xcdatamodel */,
			);
			currentVersion = 8BD9917B267854D8009CE7B4 /* SwiftUITest.xcdatamodel */;
			path = SwiftUITest.xcdatamodeld;
			sourceTree = "<group>";
			versionGroupType = wrapper.xcdatamodel;
		};
/* End XCVersionGroup section */
	};
	rootObject = 8BD99164267854D5009CE7B4 /* Project object */;
}
